
Microsoft Visual Studio Solution File, Format Version 12.00
# Visual Studio Version 16
VisualStudioVersion = 16.0.30907.101
MinimumVisualStudioVersion = 10.0.40219.1
Project("{FAE04EC0-301F-11D3-BF4B-00C04F79EFBC}") = "EmailApiSimulator", "EmailApiSimulator\EmailApiSimulator.csproj", "{204D5024-0D03-44C7-816F-F1EBA513D44C}"
EndProject
Global
	GlobalSection(SolutionConfigurationPlatforms) = preSolution
		Debug|Any CPU = Debug|Any CPU
		Release|Any CPU = Release|Any CPU
	EndGlobalSection
	GlobalSection(ProjectConfigurationPlatforms) = postSolution
		{204D5024-0D03-44C7-816F-F1EBA513D44C}.Debug|Any CPU.ActiveCfg = Debug|Any CPU
		{204D5024-0D03-44C7-816F-F1EBA513D44C}.Debug|Any CPU.Build.0 = Debug|Any CPU
		{204D5024-0D03-44C7-816F-F1EBA513D44C}.Release|Any CPU.ActiveCfg = Release|Any CPU
		{204D5024-0D03-44C7-816F-F1EBA513D44C}.Release|Any CPU.Build.0 = Release|Any CPU
	EndGlobalSection
	GlobalSection(SolutionProperties) = preSolution
		HideSolutionNode = FALSE
	EndGlobalSection
	GlobalSection(ExtensibilityGlobals) = postSolution
		SolutionGuid = {BFF9D79C-F129-4B0E-9C76-EE557526D23D}
	EndGlobalSection
EndGlobal
