
Microsoft Visual Studio Solution File, Format Version 12.00
# Visual Studio Version 16
VisualStudioVersion = 16.0.30907.101
MinimumVisualStudioVersion = 10.0.40219.1
Project("{FAE04EC0-301F-11D3-BF4B-00C04F79EFBC}") = "SMSConsumer", "SMSConsumer\SMSConsumer.csproj", "{740A15DB-61D5-4BB6-82FE-93E224DE50FC}"
EndProject
Global
	GlobalSection(SolutionConfigurationPlatforms) = preSolution
		Debug|Any CPU = Debug|Any CPU
		Release|Any CPU = Release|Any CPU
	EndGlobalSection
	GlobalSection(ProjectConfigurationPlatforms) = postSolution
		{740A15DB-61D5-4BB6-82FE-93E224DE50FC}.Debug|Any CPU.ActiveCfg = Debug|Any CPU
		{740A15DB-61D5-4BB6-82FE-93E224DE50FC}.Debug|Any CPU.Build.0 = Debug|Any CPU
		{740A15DB-61D5-4BB6-82FE-93E224DE50FC}.Release|Any CPU.ActiveCfg = Release|Any CPU
		{740A15DB-61D5-4BB6-82FE-93E224DE50FC}.Release|Any CPU.Build.0 = Release|Any CPU
	EndGlobalSection
	GlobalSection(SolutionProperties) = preSolution
		HideSolutionNode = FALSE
	EndGlobalSection
	GlobalSection(ExtensibilityGlobals) = postSolution
		SolutionGuid = {1A2A634B-B133-4C9B-B828-CAA0341E016F}
	EndGlobalSection
EndGlobal
