
Microsoft Visual Studio Solution File, Format Version 12.00
# Visual Studio Version 16
VisualStudioVersion = 16.0.30907.101
MinimumVisualStudioVersion = 10.0.40219.1
Project("{FAE04EC0-301F-11D3-BF4B-00C04F79EFBC}") = "TelegramApiSimulator", "TelegramApiSimulator\TelegramApiSimulator.csproj", "{8C9F49B6-439E-4E4C-AF35-8AADAE7BA12B}"
EndProject
Global
	GlobalSection(SolutionConfigurationPlatforms) = preSolution
		Debug|Any CPU = Debug|Any CPU
		Release|Any CPU = Release|Any CPU
	EndGlobalSection
	GlobalSection(ProjectConfigurationPlatforms) = postSolution
		{8C9F49B6-439E-4E4C-AF35-8AADAE7BA12B}.Debug|Any CPU.ActiveCfg = Debug|Any CPU
		{8C9F49B6-439E-4E4C-AF35-8AADAE7BA12B}.Debug|Any CPU.Build.0 = Debug|Any CPU
		{8C9F49B6-439E-4E4C-AF35-8AADAE7BA12B}.Release|Any CPU.ActiveCfg = Release|Any CPU
		{8C9F49B6-439E-4E4C-AF35-8AADAE7BA12B}.Release|Any CPU.Build.0 = Release|Any CPU
	EndGlobalSection
	GlobalSection(SolutionProperties) = preSolution
		HideSolutionNode = FALSE
	EndGlobalSection
	GlobalSection(ExtensibilityGlobals) = postSolution
		SolutionGuid = {8162884E-9733-42E8-BB1B-8EF3032477C3}
	EndGlobalSection
EndGlobal
