
Microsoft Visual Studio Solution File, Format Version 12.00
# Visual Studio Version 16
VisualStudioVersion = 16.0.30907.101
MinimumVisualStudioVersion = 10.0.40219.1
Project("{FAE04EC0-301F-11D3-BF4B-00C04F79EFBC}") = "TelegramConsumer", "TelegramConsumer\TelegramConsumer.csproj", "{29528FB1-86FC-472A-AE51-826BCAD4159B}"
EndProject
Global
	GlobalSection(SolutionConfigurationPlatforms) = preSolution
		Debug|Any CPU = Debug|Any CPU
		Release|Any CPU = Release|Any CPU
	EndGlobalSection
	GlobalSection(ProjectConfigurationPlatforms) = postSolution
		{29528FB1-86FC-472A-AE51-826BCAD4159B}.Debug|Any CPU.ActiveCfg = Debug|Any CPU
		{29528FB1-86FC-472A-AE51-826BCAD4159B}.Debug|Any CPU.Build.0 = Debug|Any CPU
		{29528FB1-86FC-472A-AE51-826BCAD4159B}.Release|Any CPU.ActiveCfg = Release|Any CPU
		{29528FB1-86FC-472A-AE51-826BCAD4159B}.Release|Any CPU.Build.0 = Release|Any CPU
	EndGlobalSection
	GlobalSection(SolutionProperties) = preSolution
		HideSolutionNode = FALSE
	EndGlobalSection
	GlobalSection(ExtensibilityGlobals) = postSolution
		SolutionGuid = {4B531968-5D07-4979-AC11-A9E1A32DBB2D}
	EndGlobalSection
EndGlobal
